
Microsoft Visual Studio Solution File, Format Version 12.00
# Visual Studio Version 17
VisualStudioVersion = 17.3.32929.385
MinimumVisualStudioVersion = 10.0.40219.1
Project("{FAE04EC0-301F-11D3-BF4B-00C04F79EFBC}") = "kibeleza_ti16_nathan", "kibeleza_ti16_nathan\kibeleza_ti16_nathan.csproj", "{8CEEB730-19D9-4E65-AA1E-635083173367}"
EndProject
Global
	GlobalSection(SolutionConfigurationPlatforms) = preSolution
		Debug|Any CPU = Debug|Any CPU
		Release|Any CPU = Release|Any CPU
	EndGlobalSection
	GlobalSection(ProjectConfigurationPlatforms) = postSolution
		{8CEEB730-19D9-4E65-AA1E-635083173367}.Debug|Any CPU.ActiveCfg = Debug|Any CPU
		{8CEEB730-19D9-4E65-AA1E-635083173367}.Debug|Any CPU.Build.0 = Debug|Any CPU
		{8CEEB730-19D9-4E65-AA1E-635083173367}.Release|Any CPU.ActiveCfg = Release|Any CPU
		{8CEEB730-19D9-4E65-AA1E-635083173367}.Release|Any CPU.Build.0 = Release|Any CPU
	EndGlobalSection
	GlobalSection(SolutionProperties) = preSolution
		HideSolutionNode = FALSE
	EndGlobalSection
	GlobalSection(ExtensibilityGlobals) = postSolution
		SolutionGuid = {1E19E182-2338-4750-84FB-CD2F28C267FD}
	EndGlobalSection
EndGlobal
